<?xml version="1.0" encoding="utf-8"?>
<Project ToolsVersion="4.0" xmlns="http://schemas.microsoft.com/developer/msbuild/2003">
  <ItemGroup>
    <Filter Include="Source Files">
      <UniqueIdentifier>{4FC737F1-C7A5-4376-A066-2A32D752A2FF}</UniqueIdentifier>
      <Extensions>cpp;cxx;c;def</Extensions>
    </Filter>
    <Filter Include="Header Files">
      <UniqueIdentifier>{93995380-89BD-4b04-88EB-625FBE52EBFB}</UniqueIdentifier>
      <Extensions>h</Extensions>
    </Filter>
    <Filter Include="Form Files">
      <UniqueIdentifier>{99349809-55BA-4b9d-BF79-8FDBB0286EB3}</UniqueIdentifier>
      <Extensions>ui</Extensions>
    </Filter>
    <Filter Include="Resource Files">
      <UniqueIdentifier>{D9D6E242-F8AF-46E4-B9FD-80ECBC20BA3E}</UniqueIdentifier>
      <Extensions>qrc;*</Extensions>
      <ParseFiles>false</ParseFiles>
    </Filter>
    <Filter Include="Generated Files">
      <UniqueIdentifier>{71ED8ED8-ACB9-4CE9-BBE1-E00B30144E11}</UniqueIdentifier>
      <Extensions>moc;h;cpp</Extensions>
      <SourceControlFiles>False</SourceControlFiles>
    </Filter>
    <Filter Include="Generated Files\Debug">
      <UniqueIdentifier>{1793c3af-f54a-494b-9da7-f2bcbcdb5f8b}</UniqueIdentifier>
      <Extensions>cpp;moc</Extensions>
      <SourceControlFiles>False</SourceControlFiles>
    </Filter>
    <Filter Include="Generated Files\Release">
      <UniqueIdentifier>{31b84983-582f-4e07-ba18-eee9ca2b2542}</UniqueIdentifier>
      <Extensions>cpp;moc</Extensions>
      <SourceControlFiles>False</SourceControlFiles>
    </Filter>
    <Filter Include="Header Files\Processors">
      <UniqueIdentifier>{38a68c59-51e7-44be-ad3e-517e83ff02a6}</UniqueIdentifier>
    </Filter>
    <Filter Include="Source Files\Processors">
      <UniqueIdentifier>{a7169885-2e9a-4291-81fa-c1750f484f57}</UniqueIdentifier>
    </Filter>
    <Filter Include="Header Files\Processors\DnosiseStrategies">
      <UniqueIdentifier>{74c9afbc-dda9-49db-b958-effede3bcdb3}</UniqueIdentifier>
    </Filter>
    <Filter Include="Source Files\Processors\DnosiseStrategies">
      <UniqueIdentifier>{04798621-7c38-439c-ae7d-5da519016e4e}</UniqueIdentifier>
    </Filter>
    <Filter Include="Source Files\Processors\SegmentStrategies">
      <UniqueIdentifier>{8743100b-62d1-4487-93cf-743cd7d1ab2e}</UniqueIdentifier>
    </Filter>
    <Filter Include="Header Files\Processors\SegmentStrategies">
      <UniqueIdentifier>{f3bc4058-bdba-44e3-a30e-89fd7cdd995a}</UniqueIdentifier>
    </Filter>
    <Filter Include="Header Files\Players">
      <UniqueIdentifier>{83d8d9c7-717a-47bc-9d12-de6e0e2ef5a1}</UniqueIdentifier>
    </Filter>
    <Filter Include="Source Files\Players">
      <UniqueIdentifier>{a10b8475-61e4-4321-adb9-c787df5f4a16}</UniqueIdentifier>
    </Filter>
  </ItemGroup>
  <ItemGroup>
    <ClCompile Include="main.cpp">
      <Filter>Source Files</Filter>
    </ClCompile>
    <ClCompile Include="mainwindow.cpp">
      <Filter>Source Files</Filter>
    </ClCompile>
    <ClCompile Include="GeneratedFiles\Debug\moc_mainwindow.cpp">
      <Filter>Generated Files\Debug</Filter>
    </ClCompile>
    <ClCompile Include="GeneratedFiles\Release\moc_mainwindow.cpp">
      <Filter>Generated Files\Release</Filter>
    </ClCompile>
    <ClCompile Include="GeneratedFiles\qrc_mainwindow.cpp">
      <Filter>Generated Files</Filter>
    </ClCompile>
    <ClCompile Include="UnexpectedActionHandler.cpp">
      <Filter>Source Files</Filter>
    </ClCompile>
    <ClCompile Include="DenoiseProcessor.cpp">
      <Filter>Source Files</Filter>
    </ClCompile>
    <ClCompile Include="SegmentProcessor.cpp">
      <Filter>Source Files</Filter>
    </ClCompile>
    <ClCompile Include="Processors\DenoiseStrategies\LateralInhibition.cpp">
      <Filter>Source Files\Processors\DnosiseStrategies</Filter>
    </ClCompile>
    <ClCompile Include="Processors\DenoiseStrategies\Pmdiff2.cpp">
      <Filter>Source Files\Processors\DnosiseStrategies</Filter>
    </ClCompile>
    <ClCompile Include="Processors\DenoiseStrategies\DefaultDenoiseStrategy.cpp">
      <Filter>Source Files\Processors\DnosiseStrategies</Filter>
    </ClCompile>
    <ClCompile Include="Processors\SegmentStrategies\DefaultSegmentStrategy.cpp">
      <Filter>Source Files\Processors\SegmentStrategies</Filter>
    </ClCompile>
    <ClCompile Include="Processors\DenoiseStrategies\BaseWeightBGP.cpp">
      <Filter>Source Files\Processors\DnosiseStrategies</Filter>
    </ClCompile>
    <ClCompile Include="Processors\DenoiseStrategies\DoublehistEqual.cpp">
      <Filter>Source Files\Processors\DnosiseStrategies</Filter>
    </ClCompile>
    <ClCompile Include="Processors\DenoiseStrategies\FD.cpp">
      <Filter>Source Files\Processors\DnosiseStrategies</Filter>
    </ClCompile>
    <ClCompile Include="Processors\DenoiseStrategies\LMPM.cpp">
      <Filter>Source Files\Processors\DnosiseStrategies</Filter>
    </ClCompile>
    <ClCompile Include="Processors\DenoiseStrategies\LocalMeanContrast.cpp">
      <Filter>Source Files\Processors\DnosiseStrategies</Filter>
    </ClCompile>
    <ClCompile Include="Processors\DenoiseStrategies\Localshannon.cpp">
      <Filter>Source Files\Processors\DnosiseStrategies</Filter>
    </ClCompile>
    <ClCompile Include="Processors\DenoiseStrategies\Localstd.cpp">
      <Filter>Source Files\Processors\DnosiseStrategies</Filter>
    </ClCompile>
    <ClCompile Include="Processors\DenoiseStrategies\MaxMedianFilter.cpp">
      <Filter>Source Files\Processors\DnosiseStrategies</Filter>
    </ClCompile>
    <ClCompile Include="Processors\DenoiseStrategies\Pmdiff1.cpp">
      <Filter>Source Files\Processors\DnosiseStrategies</Filter>
    </ClCompile>
    <ClCompile Include="Processors\DenoiseStrategies\Pmdiffmy.cpp">
      <Filter>Source Files\Processors\DnosiseStrategies</Filter>
    </ClCompile>
    <ClCompile Include="Processors\DenoiseStrategies\TDLMS.cpp">
      <Filter>Source Files\Processors\DnosiseStrategies</Filter>
    </ClCompile>
    <ClCompile Include="Processors\SegmentStrategy.cpp">
      <Filter>Source Files\Processors</Filter>
    </ClCompile>
    <ClCompile Include="Processors\SegmentStrategies\OtsuSegment.cpp">
      <Filter>Source Files\Processors\SegmentStrategies</Filter>
    </ClCompile>
    <ClCompile Include="Processors\SegmentStrategies\Ksw2dSegment.cpp">
      <Filter>Source Files\Processors\SegmentStrategies</Filter>
    </ClCompile>
    <ClCompile Include="Processors\SegmentStrategies\KswSegment.cpp">
      <Filter>Source Files\Processors\SegmentStrategies</Filter>
    </ClCompile>
    <ClCompile Include="Players\VideoFilePlayer.cpp">
      <Filter>Source Files\Players</Filter>
    </ClCompile>
    <ClCompile Include="Players\ContinuousFramesPlayer.cpp">
      <Filter>Source Files\Players</Filter>
    </ClCompile>
  </ItemGroup>
  <ItemGroup>
    <CustomBuild Include="mainwindow.h">
      <Filter>Header Files</Filter>
    </CustomBuild>
    <CustomBuild Include="mainwindow.ui">
      <Filter>Form Files</Filter>
    </CustomBuild>
    <CustomBuild Include="mainwindow.qrc">
      <Filter>Resource Files</Filter>
    </CustomBuild>
    <CustomBuild Include="UnexpectedActionHandler.h">
      <Filter>Header Files</Filter>
    </CustomBuild>
  </ItemGroup>
  <ItemGroup>
    <ClInclude Include="GeneratedFiles\ui_mainwindow.h">
      <Filter>Generated Files</Filter>
    </ClInclude>
    <ClInclude Include="DenoiseProcessor.h">
      <Filter>Header Files</Filter>
    </ClInclude>
    <ClInclude Include="SegmentProcessor.h">
      <Filter>Header Files</Filter>
    </ClInclude>
    <ClInclude Include="Processors\DenoiseStrategy.h">
      <Filter>Header Files\Processors</Filter>
    </ClInclude>
    <ClInclude Include="Processors\DenoiseStrategies\LateralInhibition.h">
      <Filter>Header Files\Processors\DnosiseStrategies</Filter>
    </ClInclude>
    <ClInclude Include="Processors\DenoiseStrategies\Pmdiff2.h">
      <Filter>Header Files\Processors\DnosiseStrategies</Filter>
    </ClInclude>
    <ClInclude Include="Processors\DenoiseStrategies\DefaultDenoiseStrategy.h">
      <Filter>Header Files\Processors\DnosiseStrategies</Filter>
    </ClInclude>
    <ClInclude Include="Processors\SegmentStrategies\DefaultSegmentStrategy.h">
      <Filter>Header Files\Processors\SegmentStrategies</Filter>
    </ClInclude>
    <ClInclude Include="Processors\DenoiseStrategies\BaseWeightBGP.h">
      <Filter>Header Files\Processors\DnosiseStrategies</Filter>
    </ClInclude>
    <ClInclude Include="Processors\DenoiseStrategies\DoublehistEqual.h">
      <Filter>Header Files\Processors\DnosiseStrategies</Filter>
    </ClInclude>
    <ClInclude Include="Processors\DenoiseStrategies\FD.h">
      <Filter>Header Files\Processors\DnosiseStrategies</Filter>
    </ClInclude>
    <ClInclude Include="Processors\DenoiseStrategies\LMPM.h">
      <Filter>Header Files\Processors\DnosiseStrategies</Filter>
    </ClInclude>
    <ClInclude Include="Processors\DenoiseStrategies\LocalMeanContrast.h">
      <Filter>Header Files\Processors\DnosiseStrategies</Filter>
    </ClInclude>
    <ClInclude Include="Processors\DenoiseStrategies\Localshannon.h">
      <Filter>Header Files\Processors\DnosiseStrategies</Filter>
    </ClInclude>
    <ClInclude Include="Processors\DenoiseStrategies\Localstd.h">
      <Filter>Header Files\Processors\DnosiseStrategies</Filter>
    </ClInclude>
    <ClInclude Include="Processors\DenoiseStrategies\MaxMedianFilter.h">
      <Filter>Header Files\Processors\DnosiseStrategies</Filter>
    </ClInclude>
    <ClInclude Include="Processors\DenoiseStrategies\Pmdiff1.h">
      <Filter>Header Files\Processors\DnosiseStrategies</Filter>
    </ClInclude>
    <ClInclude Include="Processors\DenoiseStrategies\Pmdiffmy.h">
      <Filter>Header Files\Processors\DnosiseStrategies</Filter>
    </ClInclude>
    <ClInclude Include="Processors\DenoiseStrategies\TDLMS.h">
      <Filter>Header Files\Processors\DnosiseStrategies</Filter>
    </ClInclude>
    <ClInclude Include="Processors\strategies.h">
      <Filter>Header Files\Processors</Filter>
    </ClInclude>
    <ClInclude Include="Processors\SegmentStrategy.h">
      <Filter>Header Files\Processors</Filter>
    </ClInclude>
    <ClInclude Include="Processors\SegmentStrategies\OtsuSegment.h">
      <Filter>Header Files\Processors\SegmentStrategies</Filter>
    </ClInclude>
    <ClInclude Include="Processors\SegmentStrategies\Ksw2dSegment.h">
      <Filter>Header Files\Processors\SegmentStrategies</Filter>
    </ClInclude>
    <ClInclude Include="Processors\SegmentStrategies\KswSegment.h">
      <Filter>Header Files\Processors\SegmentStrategies</Filter>
    </ClInclude>
    <ClInclude Include="Players\ContinuousFramesPlayer.h">
      <Filter>Header Files\Players</Filter>
    </ClInclude>
    <ClInclude Include="Players\VideoFilePlayer.h">
      <Filter>Header Files\Players</Filter>
    </ClInclude>
    <ClInclude Include="Players\VideoPlayer.h">
      <Filter>Header Files\Players</Filter>
    </ClInclude>
  </ItemGroup>
</Project>